
Microsoft Visual Studio Solution File, Format Version 12.00
# Visual Studio Version 17
VisualStudioVersion = 17.11.35222.181
MinimumVisualStudioVersion = 10.0.40219.1
Project("{F184B08F-C81C-45F6-A57F-5ABD9991F28F}") = "login user", "login user\login user.vbproj", "{18BE5843-F538-4743-A4F7-58BDC30F7489}"
EndProject
Global
	GlobalSection(SolutionConfigurationPlatforms) = preSolution
		Debug|Any CPU = Debug|Any CPU
		Release|Any CPU = Release|Any CPU
	EndGlobalSection
	GlobalSection(ProjectConfigurationPlatforms) = postSolution
		{18BE5843-F538-4743-A4F7-58BDC30F7489}.Debug|Any CPU.ActiveCfg = Debug|Any CPU
		{18BE5843-F538-4743-A4F7-58BDC30F7489}.Debug|Any CPU.Build.0 = Debug|Any CPU
		{18BE5843-F538-4743-A4F7-58BDC30F7489}.Release|Any CPU.ActiveCfg = Release|Any CPU
		{18BE5843-F538-4743-A4F7-58BDC30F7489}.Release|Any CPU.Build.0 = Release|Any CPU
	EndGlobalSection
	GlobalSection(SolutionProperties) = preSolution
		HideSolutionNode = FALSE
	EndGlobalSection
	GlobalSection(ExtensibilityGlobals) = postSolution
		SolutionGuid = {0ACE4463-6C03-4DC9-9236-25FB406D0FCA}
	EndGlobalSection
EndGlobal
